
Microsoft Visual Studio Solution File, Format Version 12.00
# Visual Studio Version 16
VisualStudioVersion = 16.0.31112.23
MinimumVisualStudioVersion = 10.0.40219.1
Project("{FAE04EC0-301F-11D3-BF4B-00C04F79EFBC}") = "WpfApp2", "WpfApp2\WpfApp2.csproj", "{841427C8-A39E-422A-B054-D5692F9AFC67}"
EndProject
Global
	GlobalSection(SolutionConfigurationPlatforms) = preSolution
		Debug|Any CPU = Debug|Any CPU
		Release|Any CPU = Release|Any CPU
	EndGlobalSection
	GlobalSection(ProjectConfigurationPlatforms) = postSolution
		{841427C8-A39E-422A-B054-D5692F9AFC67}.Debug|Any CPU.ActiveCfg = Debug|Any CPU
		{841427C8-A39E-422A-B054-D5692F9AFC67}.Debug|Any CPU.Build.0 = Debug|Any CPU
		{841427C8-A39E-422A-B054-D5692F9AFC67}.Release|Any CPU.ActiveCfg = Release|Any CPU
		{841427C8-A39E-422A-B054-D5692F9AFC67}.Release|Any CPU.Build.0 = Release|Any CPU
	EndGlobalSection
	GlobalSection(SolutionProperties) = preSolution
		HideSolutionNode = FALSE
	EndGlobalSection
	GlobalSection(ExtensibilityGlobals) = postSolution
		SolutionGuid = {87B4A695-C4F0-4F28-90AD-5A7E3FE109D3}
	EndGlobalSection
EndGlobal
